
Microsoft Visual Studio Solution File, Format Version 12.00
# Visual Studio Version 17
VisualStudioVersion = 17.0.31903.59
MinimumVisualStudioVersion = 10.0.40219.1
Project("{2150E333-8FDC-42A3-9474-1A3956D46DE8}") = "src", "src", "{8B928D04-D7BD-43BE-A12F-877E098C1936}"
EndProject
Project("{FAE04EC0-301F-11D3-BF4B-00C04F79EFBC}") = "Launcher.Core", "src\Launcher.Core\Launcher.Core.csproj", "{73B311C5-CC45-46A4-A1EC-4399D3E88F51}"
EndProject
Project("{FAE04EC0-301F-11D3-BF4B-00C04F79EFBC}") = "Launcher.Publish", "src\Launcher.Publish\Launcher.Publish.csproj", "{51590CDC-CB6B-43B6-A9ED-557A56FB1A6B}"
EndProject
Project("{2150E333-8FDC-42A3-9474-1A3956D46DE8}") = "tests", "tests", "{1FE3A373-40E9-46C7-A9E8-DC7B94B7C6AA}"
EndProject
Project("{FAE04EC0-301F-11D3-BF4B-00C04F79EFBC}") = "Launcher.Tests", "tests\Launcher.Tests\Launcher.Tests.csproj", "{E88457FC-2CE6-45D3-9B68-DE9B8432C1DA}"
EndProject
Project("{FAE04EC0-301F-11D3-BF4B-00C04F79EFBC}") = "Launcher.App", "src\Launcher.App\Launcher.App.csproj", "{AB5392BE-1B54-4704-AC7B-8DC02F01FB9F}"
EndProject
Global
	GlobalSection(SolutionConfigurationPlatforms) = preSolution
		Debug|Any CPU = Debug|Any CPU
		Release|Any CPU = Release|Any CPU
	EndGlobalSection
	GlobalSection(SolutionProperties) = preSolution
		HideSolutionNode = FALSE
	EndGlobalSection
	GlobalSection(ProjectConfigurationPlatforms) = postSolution
		{73B311C5-CC45-46A4-A1EC-4399D3E88F51}.Debug|Any CPU.ActiveCfg = Debug|Any CPU
		{73B311C5-CC45-46A4-A1EC-4399D3E88F51}.Debug|Any CPU.Build.0 = Debug|Any CPU
		{73B311C5-CC45-46A4-A1EC-4399D3E88F51}.Release|Any CPU.ActiveCfg = Release|Any CPU
		{73B311C5-CC45-46A4-A1EC-4399D3E88F51}.Release|Any CPU.Build.0 = Release|Any CPU
		{51590CDC-CB6B-43B6-A9ED-557A56FB1A6B}.Debug|Any CPU.ActiveCfg = Debug|Any CPU
		{51590CDC-CB6B-43B6-A9ED-557A56FB1A6B}.Debug|Any CPU.Build.0 = Debug|Any CPU
		{51590CDC-CB6B-43B6-A9ED-557A56FB1A6B}.Release|Any CPU.ActiveCfg = Release|Any CPU
		{51590CDC-CB6B-43B6-A9ED-557A56FB1A6B}.Release|Any CPU.Build.0 = Release|Any CPU
		{E88457FC-2CE6-45D3-9B68-DE9B8432C1DA}.Debug|Any CPU.ActiveCfg = Debug|Any CPU
		{E88457FC-2CE6-45D3-9B68-DE9B8432C1DA}.Debug|Any CPU.Build.0 = Debug|Any CPU
		{E88457FC-2CE6-45D3-9B68-DE9B8432C1DA}.Release|Any CPU.ActiveCfg = Release|Any CPU
		{E88457FC-2CE6-45D3-9B68-DE9B8432C1DA}.Release|Any CPU.Build.0 = Release|Any CPU
		{AB5392BE-1B54-4704-AC7B-8DC02F01FB9F}.Debug|Any CPU.ActiveCfg = Debug|Any CPU
		{AB5392BE-1B54-4704-AC7B-8DC02F01FB9F}.Debug|Any CPU.Build.0 = Debug|Any CPU
		{AB5392BE-1B54-4704-AC7B-8DC02F01FB9F}.Release|Any CPU.ActiveCfg = Release|Any CPU
		{AB5392BE-1B54-4704-AC7B-8DC02F01FB9F}.Release|Any CPU.Build.0 = Release|Any CPU
	EndGlobalSection
	GlobalSection(NestedProjects) = preSolution
		{73B311C5-CC45-46A4-A1EC-4399D3E88F51} = {8B928D04-D7BD-43BE-A12F-877E098C1936}
		{51590CDC-CB6B-43B6-A9ED-557A56FB1A6B} = {8B928D04-D7BD-43BE-A12F-877E098C1936}
		{E88457FC-2CE6-45D3-9B68-DE9B8432C1DA} = {1FE3A373-40E9-46C7-A9E8-DC7B94B7C6AA}
		{AB5392BE-1B54-4704-AC7B-8DC02F01FB9F} = {8B928D04-D7BD-43BE-A12F-877E098C1936}
	EndGlobalSection
EndGlobal
